
Microsoft Visual Studio Solution File, Format Version 12.00
# Visual Studio Version 17
VisualStudioVersion = 17.5.002.0
MinimumVisualStudioVersion = 10.0.40219.1
Project("{9A19103F-16F7-4668-BE54-9A1E7A4F7556}") = "InventoryService", "InventoryService.csproj", "{DC422D7B-28A2-4EBF-966C-F076F4D2537D}"
EndProject
Global
	GlobalSection(SolutionConfigurationPlatforms) = preSolution
		Debug|Any CPU = Debug|Any CPU
		Release|Any CPU = Release|Any CPU
	EndGlobalSection
	GlobalSection(ProjectConfigurationPlatforms) = postSolution
		{DC422D7B-28A2-4EBF-966C-F076F4D2537D}.Debug|Any CPU.ActiveCfg = Debug|Any CPU
		{DC422D7B-28A2-4EBF-966C-F076F4D2537D}.Debug|Any CPU.Build.0 = Debug|Any CPU
		{DC422D7B-28A2-4EBF-966C-F076F4D2537D}.Release|Any CPU.ActiveCfg = Release|Any CPU
		{DC422D7B-28A2-4EBF-966C-F076F4D2537D}.Release|Any CPU.Build.0 = Release|Any CPU
	EndGlobalSection
	GlobalSection(SolutionProperties) = preSolution
		HideSolutionNode = FALSE
	EndGlobalSection
	GlobalSection(ExtensibilityGlobals) = postSolution
		SolutionGuid = {EEBB2B9D-1647-4357-9516-6FAD756AE4DE}
	EndGlobalSection
EndGlobal
