
Microsoft Visual Studio Solution File, Format Version 12.00
# Visual Studio Version 17
VisualStudioVersion = 17.5.002.0
MinimumVisualStudioVersion = 10.0.40219.1
Project("{9A19103F-16F7-4668-BE54-9A1E7A4F7556}") = "OrderService", "OrderService.csproj", "{6CCD9BB8-8F98-4E15-9AE8-7733C34C693F}"
EndProject
Global
	GlobalSection(SolutionConfigurationPlatforms) = preSolution
		Debug|Any CPU = Debug|Any CPU
		Release|Any CPU = Release|Any CPU
	EndGlobalSection
	GlobalSection(ProjectConfigurationPlatforms) = postSolution
		{6CCD9BB8-8F98-4E15-9AE8-7733C34C693F}.Debug|Any CPU.ActiveCfg = Debug|Any CPU
		{6CCD9BB8-8F98-4E15-9AE8-7733C34C693F}.Debug|Any CPU.Build.0 = Debug|Any CPU
		{6CCD9BB8-8F98-4E15-9AE8-7733C34C693F}.Release|Any CPU.ActiveCfg = Release|Any CPU
		{6CCD9BB8-8F98-4E15-9AE8-7733C34C693F}.Release|Any CPU.Build.0 = Release|Any CPU
	EndGlobalSection
	GlobalSection(SolutionProperties) = preSolution
		HideSolutionNode = FALSE
	EndGlobalSection
	GlobalSection(ExtensibilityGlobals) = postSolution
		SolutionGuid = {67AF8617-44B0-4521-AA8B-4EB88EDC1305}
	EndGlobalSection
EndGlobal
